
Microsoft Visual Studio Solution File, Format Version 12.00
# Visual Studio 15
VisualStudioVersion = 15.0.28307.572
MinimumVisualStudioVersion = 10.0.40219.1
Project("{FAE04EC0-301F-11D3-BF4B-00C04F79EFBC}") = "NeuralNetwork", "NeuralNetwork\NeuralNetwork.csproj", "{E1E12330-3E51-4037-ACA4-ABC71E2A06BA}"
EndProject
Project("{FAE04EC0-301F-11D3-BF4B-00C04F79EFBC}") = "WeatherForecast", "WeatherForecast\WeatherForecast.csproj", "{6751AD81-BC85-4E2E-8321-87DE16794BAA}"
EndProject
Project("{FAE04EC0-301F-11D3-BF4B-00C04F79EFBC}") = "DataInsert", "DataInsert\DataInsert.csproj", "{672A60AD-4C96-43C0-9069-15CE04A122E2}"
EndProject
Project("{FAE04EC0-301F-11D3-BF4B-00C04F79EFBC}") = "DataAccessLayer", "DataAccessLayer\DataAccessLayer.csproj", "{8088021A-7531-4EF2-A05A-0CF7F0B329D9}"
EndProject
Project("{FAE04EC0-301F-11D3-BF4B-00C04F79EFBC}") = "Database", "Database\Database.csproj", "{135E0A58-DB38-467C-9C9B-19FDF7E72C21}"
EndProject
Project("{FAE04EC0-301F-11D3-BF4B-00C04F79EFBC}") = "BusinessObject", "BusinessObject\BusinessObject.csproj", "{7E3A6C52-A537-434D-A965-3A7E4452E548}"
EndProject
Project("{FAE04EC0-301F-11D3-BF4B-00C04F79EFBC}") = "QuerrysTest", "QuerrysTest\QuerrysTest.csproj", "{CDA1E560-6F45-46DA-8430-8251586BEEF5}"
EndProject
Project("{2150E333-8FDC-42A3-9474-1A3956D46DE8}") = "Tests", "Tests", "{EF7936F0-703B-4760-A58E-19592CCB2230}"
EndProject
Global
	GlobalSection(SolutionConfigurationPlatforms) = preSolution
		Debug|Any CPU = Debug|Any CPU
		Debug|ARM = Debug|ARM
		Debug|x64 = Debug|x64
		Debug|x86 = Debug|x86
		Release|Any CPU = Release|Any CPU
		Release|ARM = Release|ARM
		Release|x64 = Release|x64
		Release|x86 = Release|x86
	EndGlobalSection
	GlobalSection(ProjectConfigurationPlatforms) = postSolution
		{E1E12330-3E51-4037-ACA4-ABC71E2A06BA}.Debug|Any CPU.ActiveCfg = Debug|Any CPU
		{E1E12330-3E51-4037-ACA4-ABC71E2A06BA}.Debug|Any CPU.Build.0 = Debug|Any CPU
		{E1E12330-3E51-4037-ACA4-ABC71E2A06BA}.Debug|ARM.ActiveCfg = Debug|Any CPU
		{E1E12330-3E51-4037-ACA4-ABC71E2A06BA}.Debug|ARM.Build.0 = Debug|Any CPU
		{E1E12330-3E51-4037-ACA4-ABC71E2A06BA}.Debug|x64.ActiveCfg = Debug|Any CPU
		{E1E12330-3E51-4037-ACA4-ABC71E2A06BA}.Debug|x64.Build.0 = Debug|Any CPU
		{E1E12330-3E51-4037-ACA4-ABC71E2A06BA}.Debug|x86.ActiveCfg = Debug|Any CPU
		{E1E12330-3E51-4037-ACA4-ABC71E2A06BA}.Debug|x86.Build.0 = Debug|Any CPU
		{E1E12330-3E51-4037-ACA4-ABC71E2A06BA}.Release|Any CPU.ActiveCfg = Release|Any CPU
		{E1E12330-3E51-4037-ACA4-ABC71E2A06BA}.Release|Any CPU.Build.0 = Release|Any CPU
		{E1E12330-3E51-4037-ACA4-ABC71E2A06BA}.Release|ARM.ActiveCfg = Release|Any CPU
		{E1E12330-3E51-4037-ACA4-ABC71E2A06BA}.Release|ARM.Build.0 = Release|Any CPU
		{E1E12330-3E51-4037-ACA4-ABC71E2A06BA}.Release|x64.ActiveCfg = Release|Any CPU
		{E1E12330-3E51-4037-ACA4-ABC71E2A06BA}.Release|x64.Build.0 = Release|Any CPU
		{E1E12330-3E51-4037-ACA4-ABC71E2A06BA}.Release|x86.ActiveCfg = Release|Any CPU
		{E1E12330-3E51-4037-ACA4-ABC71E2A06BA}.Release|x86.Build.0 = Release|Any CPU
		{6751AD81-BC85-4E2E-8321-87DE16794BAA}.Debug|Any CPU.ActiveCfg = Debug|Any CPU
		{6751AD81-BC85-4E2E-8321-87DE16794BAA}.Debug|Any CPU.Build.0 = Debug|Any CPU
		{6751AD81-BC85-4E2E-8321-87DE16794BAA}.Debug|ARM.ActiveCfg = Debug|Any CPU
		{6751AD81-BC85-4E2E-8321-87DE16794BAA}.Debug|ARM.Build.0 = Debug|Any CPU
		{6751AD81-BC85-4E2E-8321-87DE16794BAA}.Debug|x64.ActiveCfg = Debug|Any CPU
		{6751AD81-BC85-4E2E-8321-87DE16794BAA}.Debug|x64.Build.0 = Debug|Any CPU
		{6751AD81-BC85-4E2E-8321-87DE16794BAA}.Debug|x86.ActiveCfg = Debug|Any CPU
		{6751AD81-BC85-4E2E-8321-87DE16794BAA}.Debug|x86.Build.0 = Debug|Any CPU
		{6751AD81-BC85-4E2E-8321-87DE16794BAA}.Release|Any CPU.ActiveCfg = Release|Any CPU
		{6751AD81-BC85-4E2E-8321-87DE16794BAA}.Release|Any CPU.Build.0 = Release|Any CPU
		{6751AD81-BC85-4E2E-8321-87DE16794BAA}.Release|ARM.ActiveCfg = Release|Any CPU
		{6751AD81-BC85-4E2E-8321-87DE16794BAA}.Release|ARM.Build.0 = Release|Any CPU
		{6751AD81-BC85-4E2E-8321-87DE16794BAA}.Release|x64.ActiveCfg = Release|Any CPU
		{6751AD81-BC85-4E2E-8321-87DE16794BAA}.Release|x64.Build.0 = Release|Any CPU
		{6751AD81-BC85-4E2E-8321-87DE16794BAA}.Release|x86.ActiveCfg = Release|Any CPU
		{6751AD81-BC85-4E2E-8321-87DE16794BAA}.Release|x86.Build.0 = Release|Any CPU
		{672A60AD-4C96-43C0-9069-15CE04A122E2}.Debug|Any CPU.ActiveCfg = Debug|Any CPU
		{672A60AD-4C96-43C0-9069-15CE04A122E2}.Debug|Any CPU.Build.0 = Debug|Any CPU
		{672A60AD-4C96-43C0-9069-15CE04A122E2}.Debug|ARM.ActiveCfg = Debug|Any CPU
		{672A60AD-4C96-43C0-9069-15CE04A122E2}.Debug|ARM.Build.0 = Debug|Any CPU
		{672A60AD-4C96-43C0-9069-15CE04A122E2}.Debug|x64.ActiveCfg = Debug|Any CPU
		{672A60AD-4C96-43C0-9069-15CE04A122E2}.Debug|x64.Build.0 = Debug|Any CPU
		{672A60AD-4C96-43C0-9069-15CE04A122E2}.Debug|x86.ActiveCfg = Debug|Any CPU
		{672A60AD-4C96-43C0-9069-15CE04A122E2}.Debug|x86.Build.0 = Debug|Any CPU
		{672A60AD-4C96-43C0-9069-15CE04A122E2}.Release|Any CPU.ActiveCfg = Release|Any CPU
		{672A60AD-4C96-43C0-9069-15CE04A122E2}.Release|Any CPU.Build.0 = Release|Any CPU
		{672A60AD-4C96-43C0-9069-15CE04A122E2}.Release|ARM.ActiveCfg = Release|Any CPU
		{672A60AD-4C96-43C0-9069-15CE04A122E2}.Release|ARM.Build.0 = Release|Any CPU
		{672A60AD-4C96-43C0-9069-15CE04A122E2}.Release|x64.ActiveCfg = Release|Any CPU
		{672A60AD-4C96-43C0-9069-15CE04A122E2}.Release|x64.Build.0 = Release|Any CPU
		{672A60AD-4C96-43C0-9069-15CE04A122E2}.Release|x86.ActiveCfg = Release|Any CPU
		{672A60AD-4C96-43C0-9069-15CE04A122E2}.Release|x86.Build.0 = Release|Any CPU
		{8088021A-7531-4EF2-A05A-0CF7F0B329D9}.Debug|Any CPU.ActiveCfg = Debug|Any CPU
		{8088021A-7531-4EF2-A05A-0CF7F0B329D9}.Debug|Any CPU.Build.0 = Debug|Any CPU
		{8088021A-7531-4EF2-A05A-0CF7F0B329D9}.Debug|ARM.ActiveCfg = Debug|Any CPU
		{8088021A-7531-4EF2-A05A-0CF7F0B329D9}.Debug|ARM.Build.0 = Debug|Any CPU
		{8088021A-7531-4EF2-A05A-0CF7F0B329D9}.Debug|x64.ActiveCfg = Debug|Any CPU
		{8088021A-7531-4EF2-A05A-0CF7F0B329D9}.Debug|x64.Build.0 = Debug|Any CPU
		{8088021A-7531-4EF2-A05A-0CF7F0B329D9}.Debug|x86.ActiveCfg = Debug|Any CPU
		{8088021A-7531-4EF2-A05A-0CF7F0B329D9}.Debug|x86.Build.0 = Debug|Any CPU
		{8088021A-7531-4EF2-A05A-0CF7F0B329D9}.Release|Any CPU.ActiveCfg = Release|Any CPU
		{8088021A-7531-4EF2-A05A-0CF7F0B329D9}.Release|Any CPU.Build.0 = Release|Any CPU
		{8088021A-7531-4EF2-A05A-0CF7F0B329D9}.Release|ARM.ActiveCfg = Release|Any CPU
		{8088021A-7531-4EF2-A05A-0CF7F0B329D9}.Release|ARM.Build.0 = Release|Any CPU
		{8088021A-7531-4EF2-A05A-0CF7F0B329D9}.Release|x64.ActiveCfg = Release|Any CPU
		{8088021A-7531-4EF2-A05A-0CF7F0B329D9}.Release|x64.Build.0 = Release|Any CPU
		{8088021A-7531-4EF2-A05A-0CF7F0B329D9}.Release|x86.ActiveCfg = Release|Any CPU
		{8088021A-7531-4EF2-A05A-0CF7F0B329D9}.Release|x86.Build.0 = Release|Any CPU
		{135E0A58-DB38-467C-9C9B-19FDF7E72C21}.Debug|Any CPU.ActiveCfg = Debug|Any CPU
		{135E0A58-DB38-467C-9C9B-19FDF7E72C21}.Debug|Any CPU.Build.0 = Debug|Any CPU
		{135E0A58-DB38-467C-9C9B-19FDF7E72C21}.Debug|ARM.ActiveCfg = Debug|Any CPU
		{135E0A58-DB38-467C-9C9B-19FDF7E72C21}.Debug|ARM.Build.0 = Debug|Any CPU
		{135E0A58-DB38-467C-9C9B-19FDF7E72C21}.Debug|x64.ActiveCfg = Debug|Any CPU
		{135E0A58-DB38-467C-9C9B-19FDF7E72C21}.Debug|x64.Build.0 = Debug|Any CPU
		{135E0A58-DB38-467C-9C9B-19FDF7E72C21}.Debug|x86.ActiveCfg = Debug|Any CPU
		{135E0A58-DB38-467C-9C9B-19FDF7E72C21}.Debug|x86.Build.0 = Debug|Any CPU
		{135E0A58-DB38-467C-9C9B-19FDF7E72C21}.Release|Any CPU.ActiveCfg = Release|Any CPU
		{135E0A58-DB38-467C-9C9B-19FDF7E72C21}.Release|Any CPU.Build.0 = Release|Any CPU
		{135E0A58-DB38-467C-9C9B-19FDF7E72C21}.Release|ARM.ActiveCfg = Release|Any CPU
		{135E0A58-DB38-467C-9C9B-19FDF7E72C21}.Release|ARM.Build.0 = Release|Any CPU
		{135E0A58-DB38-467C-9C9B-19FDF7E72C21}.Release|x64.ActiveCfg = Release|Any CPU
		{135E0A58-DB38-467C-9C9B-19FDF7E72C21}.Release|x64.Build.0 = Release|Any CPU
		{135E0A58-DB38-467C-9C9B-19FDF7E72C21}.Release|x86.ActiveCfg = Release|Any CPU
		{135E0A58-DB38-467C-9C9B-19FDF7E72C21}.Release|x86.Build.0 = Release|Any CPU
		{7E3A6C52-A537-434D-A965-3A7E4452E548}.Debug|Any CPU.ActiveCfg = Debug|Any CPU
		{7E3A6C52-A537-434D-A965-3A7E4452E548}.Debug|Any CPU.Build.0 = Debug|Any CPU
		{7E3A6C52-A537-434D-A965-3A7E4452E548}.Debug|ARM.ActiveCfg = Debug|Any CPU
		{7E3A6C52-A537-434D-A965-3A7E4452E548}.Debug|ARM.Build.0 = Debug|Any CPU
		{7E3A6C52-A537-434D-A965-3A7E4452E548}.Debug|x64.ActiveCfg = Debug|Any CPU
		{7E3A6C52-A537-434D-A965-3A7E4452E548}.Debug|x64.Build.0 = Debug|Any CPU
		{7E3A6C52-A537-434D-A965-3A7E4452E548}.Debug|x86.ActiveCfg = Debug|Any CPU
		{7E3A6C52-A537-434D-A965-3A7E4452E548}.Debug|x86.Build.0 = Debug|Any CPU
		{7E3A6C52-A537-434D-A965-3A7E4452E548}.Release|Any CPU.ActiveCfg = Release|Any CPU
		{7E3A6C52-A537-434D-A965-3A7E4452E548}.Release|Any CPU.Build.0 = Release|Any CPU
		{7E3A6C52-A537-434D-A965-3A7E4452E548}.Release|ARM.ActiveCfg = Release|Any CPU
		{7E3A6C52-A537-434D-A965-3A7E4452E548}.Release|ARM.Build.0 = Release|Any CPU
		{7E3A6C52-A537-434D-A965-3A7E4452E548}.Release|x64.ActiveCfg = Release|Any CPU
		{7E3A6C52-A537-434D-A965-3A7E4452E548}.Release|x64.Build.0 = Release|Any CPU
		{7E3A6C52-A537-434D-A965-3A7E4452E548}.Release|x86.ActiveCfg = Release|Any CPU
		{7E3A6C52-A537-434D-A965-3A7E4452E548}.Release|x86.Build.0 = Release|Any CPU
		{CDA1E560-6F45-46DA-8430-8251586BEEF5}.Debug|Any CPU.ActiveCfg = Debug|Any CPU
		{CDA1E560-6F45-46DA-8430-8251586BEEF5}.Debug|Any CPU.Build.0 = Debug|Any CPU
		{CDA1E560-6F45-46DA-8430-8251586BEEF5}.Debug|ARM.ActiveCfg = Debug|Any CPU
		{CDA1E560-6F45-46DA-8430-8251586BEEF5}.Debug|ARM.Build.0 = Debug|Any CPU
		{CDA1E560-6F45-46DA-8430-8251586BEEF5}.Debug|x64.ActiveCfg = Debug|Any CPU
		{CDA1E560-6F45-46DA-8430-8251586BEEF5}.Debug|x64.Build.0 = Debug|Any CPU
		{CDA1E560-6F45-46DA-8430-8251586BEEF5}.Debug|x86.ActiveCfg = Debug|Any CPU
		{CDA1E560-6F45-46DA-8430-8251586BEEF5}.Debug|x86.Build.0 = Debug|Any CPU
		{CDA1E560-6F45-46DA-8430-8251586BEEF5}.Release|Any CPU.ActiveCfg = Release|Any CPU
		{CDA1E560-6F45-46DA-8430-8251586BEEF5}.Release|Any CPU.Build.0 = Release|Any CPU
		{CDA1E560-6F45-46DA-8430-8251586BEEF5}.Release|ARM.ActiveCfg = Release|Any CPU
		{CDA1E560-6F45-46DA-8430-8251586BEEF5}.Release|ARM.Build.0 = Release|Any CPU
		{CDA1E560-6F45-46DA-8430-8251586BEEF5}.Release|x64.ActiveCfg = Release|Any CPU
		{CDA1E560-6F45-46DA-8430-8251586BEEF5}.Release|x64.Build.0 = Release|Any CPU
		{CDA1E560-6F45-46DA-8430-8251586BEEF5}.Release|x86.ActiveCfg = Release|Any CPU
		{CDA1E560-6F45-46DA-8430-8251586BEEF5}.Release|x86.Build.0 = Release|Any CPU
	EndGlobalSection
	GlobalSection(SolutionProperties) = preSolution
		HideSolutionNode = FALSE
	EndGlobalSection
	GlobalSection(NestedProjects) = preSolution
		{CDA1E560-6F45-46DA-8430-8251586BEEF5} = {EF7936F0-703B-4760-A58E-19592CCB2230}
	EndGlobalSection
	GlobalSection(ExtensibilityGlobals) = postSolution
		SolutionGuid = {2F00F0DE-E362-4BF0-8A96-2AEE3B4F0FD3}
	EndGlobalSection
EndGlobal
